
Microsoft Visual Studio Solution File, Format Version 12.00
# Visual Studio Version 17
VisualStudioVersion = 17.5.002.0
MinimumVisualStudioVersion = 10.0.40219.1
Project("{9A19103F-16F7-4668-BE54-9A1E7A4F7556}") = "CodeFirst", "CodeFirst.csproj", "{7ADE7C72-5F2D-4CF1-874D-3C6984E52C6A}"
EndProject
Global
	GlobalSection(SolutionConfigurationPlatforms) = preSolution
		Debug|Any CPU = Debug|Any CPU
		Release|Any CPU = Release|Any CPU
	EndGlobalSection
	GlobalSection(ProjectConfigurationPlatforms) = postSolution
		{7ADE7C72-5F2D-4CF1-874D-3C6984E52C6A}.Debug|Any CPU.ActiveCfg = Debug|Any CPU
		{7ADE7C72-5F2D-4CF1-874D-3C6984E52C6A}.Debug|Any CPU.Build.0 = Debug|Any CPU
		{7ADE7C72-5F2D-4CF1-874D-3C6984E52C6A}.Release|Any CPU.ActiveCfg = Release|Any CPU
		{7ADE7C72-5F2D-4CF1-874D-3C6984E52C6A}.Release|Any CPU.Build.0 = Release|Any CPU
	EndGlobalSection
	GlobalSection(SolutionProperties) = preSolution
		HideSolutionNode = FALSE
	EndGlobalSection
	GlobalSection(ExtensibilityGlobals) = postSolution
		SolutionGuid = {A8A766BC-F89E-4EEE-8A36-D78E8921D9B3}
	EndGlobalSection
EndGlobal
